// !$*UTF8*$!
{
	archiveVersion = 1;
	classes = {
	};
	objectVersion = 51;
	objects = {

/* Begin PBXBuildFile section */
		1114FC79565EA2CA29963B20 /* Pods_iTunesServicesTests.framework in Frameworks */ = {isa = PBXBuildFile; fileRef = 3C9A154045AF4045BE2AD67A /* Pods_iTunesServicesTests.framework */; };
		B90C69D326CD0A6500F444DF /* AppDelegate.swift in Sources */ = {isa = PBXBuildFile; fileRef = B90C69D226CD0A6500F444DF /* AppDelegate.swift */; };
		B90C69D526CD0A6500F444DF /* SceneDelegate.swift in Sources */ = {isa = PBXBuildFile; fileRef = B90C69D426CD0A6500F444DF /* SceneDelegate.swift */; };
		B90C69DA26CD0A6500F444DF /* Main.storyboard in Resources */ = {isa = PBXBuildFile; fileRef = B90C69D826CD0A6500F444DF /* Main.storyboard */; };
		B90C69DC26CD0A6600F444DF /* Assets.xcassets in Resources */ = {isa = PBXBuildFile; fileRef = B90C69DB26CD0A6600F444DF /* Assets.xcassets */; };
		B90C69DF26CD0A6600F444DF /* LaunchScreen.storyboard in Resources */ = {isa = PBXBuildFile; fileRef = B90C69DD26CD0A6600F444DF /* LaunchScreen.storyboard */; };
		B90C69EA26CD0A6700F444DF /* iTunesServicesTests.swift in Sources */ = {isa = PBXBuildFile; fileRef = B90C69E926CD0A6700F444DF /* iTunesServicesTests.swift */; };
		B90C69F526CD0A6700F444DF /* iTunesServicesUITests.swift in Sources */ = {isa = PBXBuildFile; fileRef = B90C69F426CD0A6700F444DF /* iTunesServicesUITests.swift */; };
		B956454726CD4C16003D1FEE /* FavoritesViewController.swift in Sources */ = {isa = PBXBuildFile; fileRef = B956454626CD4C16003D1FEE /* FavoritesViewController.swift */; };
		B99F56A326CE410A0073C1A6 /* SearchTableViewCell.swift in Sources */ = {isa = PBXBuildFile; fileRef = B99F56A126CE410A0073C1A6 /* SearchTableViewCell.swift */; };
		B99F56A426CE410A0073C1A6 /* SearchTableViewCell.xib in Resources */ = {isa = PBXBuildFile; fileRef = B99F56A226CE410A0073C1A6 /* SearchTableViewCell.xib */; };
		B99F56AC26CE59A90073C1A6 /* FavoriteManager.swift in Sources */ = {isa = PBXBuildFile; fileRef = B99F56AB26CE59A90073C1A6 /* FavoriteManager.swift */; };
		B99F56AE26CE59DC0073C1A6 /* MovieDetail.swift in Sources */ = {isa = PBXBuildFile; fileRef = B99F56AD26CE59DC0073C1A6 /* MovieDetail.swift */; };
		B9EFAB3B26CD0C00004D1C9A /* MainViewController.swift in Sources */ = {isa = PBXBuildFile; fileRef = B9EFAB3A26CD0C00004D1C9A /* MainViewController.swift */; };
		B9EFAB3D26CD0CE5004D1C9A /* SearchViewController.swift in Sources */ = {isa = PBXBuildFile; fileRef = B9EFAB3C26CD0CE5004D1C9A /* SearchViewController.swift */; };
		B9EFAB3F26CD0CEE004D1C9A /* DetailViewController.swift in Sources */ = {isa = PBXBuildFile; fileRef = B9EFAB3E26CD0CEE004D1C9A /* DetailViewController.swift */; };
		B9EFAB4326CD0ED5004D1C9A /* MainCollectionViewCell.swift in Sources */ = {isa = PBXBuildFile; fileRef = B9EFAB4126CD0ED5004D1C9A /* MainCollectionViewCell.swift */; };
		B9EFAB4426CD0ED5004D1C9A /* MainCollectionViewCell.xib in Resources */ = {isa = PBXBuildFile; fileRef = B9EFAB4226CD0ED5004D1C9A /* MainCollectionViewCell.xib */; };
		B9EFAB4626CD123C004D1C9A /* Service.swift in Sources */ = {isa = PBXBuildFile; fileRef = B9EFAB4526CD123C004D1C9A /* Service.swift */; };
		B9EFAB4826CD1279004D1C9A /* Constant.swift in Sources */ = {isa = PBXBuildFile; fileRef = B9EFAB4726CD1279004D1C9A /* Constant.swift */; };
		B9EFAB4A26CD130D004D1C9A /* iTunesData.swift in Sources */ = {isa = PBXBuildFile; fileRef = B9EFAB4926CD130D004D1C9A /* iTunesData.swift */; };
		F49465B338679C980E9C9550 /* Pods_iTunesServices.framework in Frameworks */ = {isa = PBXBuildFile; fileRef = F3AD44F3BF95EBCC2C92352C /* Pods_iTunesServices.framework */; };
		FE1EDD2D14E90D8B372752F5 /* Pods_iTunesServices_iTunesServicesUITests.framework in Frameworks */ = {isa = PBXBuildFile; fileRef = 73D4A00ED9E8FD680BFC67A1 /* Pods_iTunesServices_iTunesServicesUITests.framework */; };
/* End PBXBuildFile section */

/* Begin PBXContainerItemProxy section */
		B90C69E626CD0A6700F444DF /* PBXContainerItemProxy */ = {
			isa = PBXContainerItemProxy;
			containerPortal = B90C69C726CD0A6500F444DF /* Project object */;
			proxyType = 1;
			remoteGlobalIDString = B90C69CE26CD0A6500F444DF;
			remoteInfo = iTunesServices;
		};
		B90C69F126CD0A6700F444DF /* PBXContainerItemProxy */ = {
			isa = PBXContainerItemProxy;
			containerPortal = B90C69C726CD0A6500F444DF /* Project object */;
			proxyType = 1;
			remoteGlobalIDString = B90C69CE26CD0A6500F444DF;
			remoteInfo = iTunesServices;
		};
/* End PBXContainerItemProxy section */

/* Begin PBXFileReference section */
		01C39493FFEFA01D107098B4 /* Pods-iTunesServicesTests.debug.xcconfig */ = {isa = PBXFileReference; includeInIndex = 1; lastKnownFileType = text.xcconfig; name = "Pods-iTunesServicesTests.debug.xcconfig"; path = "Target Support Files/Pods-iTunesServicesTests/Pods-iTunesServicesTests.debug.xcconfig"; sourceTree = "<group>"; };
		3C9A154045AF4045BE2AD67A /* Pods_iTunesServicesTests.framework */ = {isa = PBXFileReference; explicitFileType = wrapper.framework; includeInIndex = 0; path = Pods_iTunesServicesTests.framework; sourceTree = BUILT_PRODUCTS_DIR; };
		4787B1EA0E7A3AF0C3E1D5A0 /* Pods-iTunesServicesTests.release.xcconfig */ = {isa = PBXFileReference; includeInIndex = 1; lastKnownFileType = text.xcconfig; name = "Pods-iTunesServicesTests.release.xcconfig"; path = "Target Support Files/Pods-iTunesServicesTests/Pods-iTunesServicesTests.release.xcconfig"; sourceTree = "<group>"; };
		6D8A8EC3E20FCA9EBDDB0E82 /* Pods-iTunesServices-iTunesServicesUITests.release.xcconfig */ = {isa = PBXFileReference; includeInIndex = 1; lastKnownFileType = text.xcconfig; name = "Pods-iTunesServices-iTunesServicesUITests.release.xcconfig"; path = "Target Support Files/Pods-iTunesServices-iTunesServicesUITests/Pods-iTunesServices-iTunesServicesUITests.release.xcconfig"; sourceTree = "<group>"; };
		73D4A00ED9E8FD680BFC67A1 /* Pods_iTunesServices_iTunesServicesUITests.framework */ = {isa = PBXFileReference; explicitFileType = wrapper.framework; includeInIndex = 0; path = Pods_iTunesServices_iTunesServicesUITests.framework; sourceTree = BUILT_PRODUCTS_DIR; };
		B90C69CF26CD0A6500F444DF /* iTunesServices.app */ = {isa = PBXFileReference; explicitFileType = wrapper.application; includeInIndex = 0; path = iTunesServices.app; sourceTree = BUILT_PRODUCTS_DIR; };
		B90C69D226CD0A6500F444DF /* AppDelegate.swift */ = {isa = PBXFileReference; lastKnownFileType = sourcecode.swift; path = AppDelegate.swift; sourceTree = "<group>"; };
		B90C69D426CD0A6500F444DF /* SceneDelegate.swift */ = {isa = PBXFileReference; lastKnownFileType = sourcecode.swift; path = SceneDelegate.swift; sourceTree = "<group>"; };
		B90C69D926CD0A6500F444DF /* Base */ = {isa = PBXFileReference; lastKnownFileType = file.storyboard; name = Base; path = Base.lproj/Main.storyboard; sourceTree = "<group>"; };
		B90C69DB26CD0A6600F444DF /* Assets.xcassets */ = {isa = PBXFileReference; lastKnownFileType = folder.assetcatalog; path = Assets.xcassets; sourceTree = "<group>"; };
		B90C69DE26CD0A6600F444DF /* Base */ = {isa = PBXFileReference; lastKnownFileType = file.storyboard; name = Base; path = Base.lproj/LaunchScreen.storyboard; sourceTree = "<group>"; };
		B90C69E026CD0A6600F444DF /* Info.plist */ = {isa = PBXFileReference; lastKnownFileType = text.plist.xml; path = Info.plist; sourceTree = "<group>"; };
		B90C69E526CD0A6700F444DF /* iTunesServicesTests.xctest */ = {isa = PBXFileReference; explicitFileType = wrapper.cfbundle; includeInIndex = 0; path = iTunesServicesTests.xctest; sourceTree = BUILT_PRODUCTS_DIR; };
		B90C69E926CD0A6700F444DF /* iTunesServicesTests.swift */ = {isa = PBXFileReference; lastKnownFileType = sourcecode.swift; path = iTunesServicesTests.swift; sourceTree = "<group>"; };
		B90C69EB26CD0A6700F444DF /* Info.plist */ = {isa = PBXFileReference; lastKnownFileType = text.plist.xml; path = Info.plist; sourceTree = "<group>"; };
		B90C69F026CD0A6700F444DF /* iTunesServicesUITests.xctest */ = {isa = PBXFileReference; explicitFileType = wrapper.cfbundle; includeInIndex = 0; path = iTunesServicesUITests.xctest; sourceTree = BUILT_PRODUCTS_DIR; };
		B90C69F426CD0A6700F444DF /* iTunesServicesUITests.swift */ = {isa = PBXFileReference; lastKnownFileType = sourcecode.swift; path = iTunesServicesUITests.swift; sourceTree = "<group>"; };
		B90C69F626CD0A6700F444DF /* Info.plist */ = {isa = PBXFileReference; lastKnownFileType = text.plist.xml; path = Info.plist; sourceTree = "<group>"; };
		B956454626CD4C16003D1FEE /* FavoritesViewController.swift */ = {isa = PBXFileReference; lastKnownFileType = sourcecode.swift; path = FavoritesViewController.swift; sourceTree = "<group>"; };
		B99F56A126CE410A0073C1A6 /* SearchTableViewCell.swift */ = {isa = PBXFileReference; lastKnownFileType = sourcecode.swift; path = SearchTableViewCell.swift; sourceTree = "<group>"; };
		B99F56A226CE410A0073C1A6 /* SearchTableViewCell.xib */ = {isa = PBXFileReference; lastKnownFileType = file.xib; path = SearchTableViewCell.xib; sourceTree = "<group>"; };
		B99F56AB26CE59A90073C1A6 /* FavoriteManager.swift */ = {isa = PBXFileReference; lastKnownFileType = sourcecode.swift; path = FavoriteManager.swift; sourceTree = "<group>"; };
		B99F56AD26CE59DC0073C1A6 /* MovieDetail.swift */ = {isa = PBXFileReference; lastKnownFileType = sourcecode.swift; path = MovieDetail.swift; sourceTree = "<group>"; };
		B9EFAB3A26CD0C00004D1C9A /* MainViewController.swift */ = {isa = PBXFileReference; lastKnownFileType = sourcecode.swift; path = MainViewController.swift; sourceTree = "<group>"; };
		B9EFAB3C26CD0CE5004D1C9A /* SearchViewController.swift */ = {isa = PBXFileReference; lastKnownFileType = sourcecode.swift; path = SearchViewController.swift; sourceTree = "<group>"; };
		B9EFAB3E26CD0CEE004D1C9A /* DetailViewController.swift */ = {isa = PBXFileReference; lastKnownFileType = sourcecode.swift; path = DetailViewController.swift; sourceTree = "<group>"; };
		B9EFAB4126CD0ED5004D1C9A /* MainCollectionViewCell.swift */ = {isa = PBXFileReference; lastKnownFileType = sourcecode.swift; path = MainCollectionViewCell.swift; sourceTree = "<group>"; };
		B9EFAB4226CD0ED5004D1C9A /* MainCollectionViewCell.xib */ = {isa = PBXFileReference; lastKnownFileType = file.xib; path = MainCollectionViewCell.xib; sourceTree = "<group>"; };
		B9EFAB4526CD123C004D1C9A /* Service.swift */ = {isa = PBXFileReference; lastKnownFileType = sourcecode.swift; path = Service.swift; sourceTree = "<group>"; };
		B9EFAB4726CD1279004D1C9A /* Constant.swift */ = {isa = PBXFileReference; lastKnownFileType = sourcecode.swift; path = Constant.swift; sourceTree = "<group>"; };
		B9EFAB4926CD130D004D1C9A /* iTunesData.swift */ = {isa = PBXFileReference; lastKnownFileType = sourcecode.swift; path = iTunesData.swift; sourceTree = "<group>"; };
		D5669A7B6E4C2231B4E335B2 /* Pods-iTunesServices-iTunesServicesUITests.debug.xcconfig */ = {isa = PBXFileReference; includeInIndex = 1; lastKnownFileType = text.xcconfig; name = "Pods-iTunesServices-iTunesServicesUITests.debug.xcconfig"; path = "Target Support Files/Pods-iTunesServices-iTunesServicesUITests/Pods-iTunesServices-iTunesServicesUITests.debug.xcconfig"; sourceTree = "<group>"; };
		D7B0ECD3B9F461856FE23077 /* Pods-iTunesServices.debug.xcconfig */ = {isa = PBXFileReference; includeInIndex = 1; lastKnownFileType = text.xcconfig; name = "Pods-iTunesServices.debug.xcconfig"; path = "Target Support Files/Pods-iTunesServices/Pods-iTunesServices.debug.xcconfig"; sourceTree = "<group>"; };
		F3AD44F3BF95EBCC2C92352C /* Pods_iTunesServices.framework */ = {isa = PBXFileReference; explicitFileType = wrapper.framework; includeInIndex = 0; path = Pods_iTunesServices.framework; sourceTree = BUILT_PRODUCTS_DIR; };
		FDC6AAF45EE928C164B23418 /* Pods-iTunesServices.release.xcconfig */ = {isa = PBXFileReference; includeInIndex = 1; lastKnownFileType = text.xcconfig; name = "Pods-iTunesServices.release.xcconfig"; path = "Target Support Files/Pods-iTunesServices/Pods-iTunesServices.release.xcconfig"; sourceTree = "<group>"; };
/* End PBXFileReference section */

/* Begin PBXFrameworksBuildPhase section */
		B90C69CC26CD0A6500F444DF /* Frameworks */ = {
			isa = PBXFrameworksBuildPhase;
			buildActionMask = 2147483647;
			files = (
				F49465B338679C980E9C9550 /* Pods_iTunesServices.framework in Frameworks */,
			);
			runOnlyForDeploymentPostprocessing = 0;
		};
		B90C69E226CD0A6700F444DF /* Frameworks */ = {
			isa = PBXFrameworksBuildPhase;
			buildActionMask = 2147483647;
			files = (
				1114FC79565EA2CA29963B20 /* Pods_iTunesServicesTests.framework in Frameworks */,
			);
			runOnlyForDeploymentPostprocessing = 0;
		};
		B90C69ED26CD0A6700F444DF /* Frameworks */ = {
			isa = PBXFrameworksBuildPhase;
			buildActionMask = 2147483647;
			files = (
				FE1EDD2D14E90D8B372752F5 /* Pods_iTunesServices_iTunesServicesUITests.framework in Frameworks */,
			);
			runOnlyForDeploymentPostprocessing = 0;
		};
/* End PBXFrameworksBuildPhase section */

/* Begin PBXGroup section */
		516D04EA549D9CFAF28E254B /* Frameworks */ = {
			isa = PBXGroup;
			children = (
				F3AD44F3BF95EBCC2C92352C /* Pods_iTunesServices.framework */,
				73D4A00ED9E8FD680BFC67A1 /* Pods_iTunesServices_iTunesServicesUITests.framework */,
				3C9A154045AF4045BE2AD67A /* Pods_iTunesServicesTests.framework */,
			);
			name = Frameworks;
			sourceTree = "<group>";
		};
		A45D0405CF6F785BDEE85F06 /* Pods */ = {
			isa = PBXGroup;
			children = (
				D7B0ECD3B9F461856FE23077 /* Pods-iTunesServices.debug.xcconfig */,
				FDC6AAF45EE928C164B23418 /* Pods-iTunesServices.release.xcconfig */,
				D5669A7B6E4C2231B4E335B2 /* Pods-iTunesServices-iTunesServicesUITests.debug.xcconfig */,
				6D8A8EC3E20FCA9EBDDB0E82 /* Pods-iTunesServices-iTunesServicesUITests.release.xcconfig */,
				01C39493FFEFA01D107098B4 /* Pods-iTunesServicesTests.debug.xcconfig */,
				4787B1EA0E7A3AF0C3E1D5A0 /* Pods-iTunesServicesTests.release.xcconfig */,
			);
			path = Pods;
			sourceTree = "<group>";
		};
		B90C69C626CD0A6500F444DF = {
			isa = PBXGroup;
			children = (
				B90C69D126CD0A6500F444DF /* iTunesServices */,
				B90C69E826CD0A6700F444DF /* iTunesServicesTests */,
				B90C69F326CD0A6700F444DF /* iTunesServicesUITests */,
				B90C69D026CD0A6500F444DF /* Products */,
				A45D0405CF6F785BDEE85F06 /* Pods */,
				516D04EA549D9CFAF28E254B /* Frameworks */,
			);
			sourceTree = "<group>";
		};
		B90C69D026CD0A6500F444DF /* Products */ = {
			isa = PBXGroup;
			children = (
				B90C69CF26CD0A6500F444DF /* iTunesServices.app */,
				B90C69E526CD0A6700F444DF /* iTunesServicesTests.xctest */,
				B90C69F026CD0A6700F444DF /* iTunesServicesUITests.xctest */,
			);
			name = Products;
			sourceTree = "<group>";
		};
		B90C69D126CD0A6500F444DF /* iTunesServices */ = {
			isa = PBXGroup;
			children = (
				B9EFAB3926CD0BB7004D1C9A /* Utils */,
				B9EFAB3826CD0BAB004D1C9A /* View */,
				B9EFAB3726CD0BA5004D1C9A /* Controller */,
				B9EFAB3626CD0BA0004D1C9A /* Model */,
				B90C69D226CD0A6500F444DF /* AppDelegate.swift */,
				B90C69D426CD0A6500F444DF /* SceneDelegate.swift */,
				B90C69D826CD0A6500F444DF /* Main.storyboard */,
				B90C69DB26CD0A6600F444DF /* Assets.xcassets */,
				B90C69DD26CD0A6600F444DF /* LaunchScreen.storyboard */,
				B90C69E026CD0A6600F444DF /* Info.plist */,
			);
			path = iTunesServices;
			sourceTree = "<group>";
		};
		B90C69E826CD0A6700F444DF /* iTunesServicesTests */ = {
			isa = PBXGroup;
			children = (
				B90C69E926CD0A6700F444DF /* iTunesServicesTests.swift */,
				B90C69EB26CD0A6700F444DF /* Info.plist */,
			);
			path = iTunesServicesTests;
			sourceTree = "<group>";
		};
		B90C69F326CD0A6700F444DF /* iTunesServicesUITests */ = {
			isa = PBXGroup;
			children = (
				B90C69F426CD0A6700F444DF /* iTunesServicesUITests.swift */,
				B90C69F626CD0A6700F444DF /* Info.plist */,
			);
			path = iTunesServicesUITests;
			sourceTree = "<group>";
		};
		B9EFAB3626CD0BA0004D1C9A /* Model */ = {
			isa = PBXGroup;
			children = (
				B9EFAB4926CD130D004D1C9A /* iTunesData.swift */,
				B99F56AD26CE59DC0073C1A6 /* MovieDetail.swift */,
			);
			path = Model;
			sourceTree = "<group>";
		};
		B9EFAB3726CD0BA5004D1C9A /* Controller */ = {
			isa = PBXGroup;
			children = (
				B9EFAB3A26CD0C00004D1C9A /* MainViewController.swift */,
				B9EFAB3E26CD0CEE004D1C9A /* DetailViewController.swift */,
				B9EFAB3C26CD0CE5004D1C9A /* SearchViewController.swift */,
				B956454626CD4C16003D1FEE /* FavoritesViewController.swift */,
			);
			path = Controller;
			sourceTree = "<group>";
		};
		B9EFAB3826CD0BAB004D1C9A /* View */ = {
			isa = PBXGroup;
			children = (
				B9EFAB4026CD0D3C004D1C9A /* Cell */,
			);
			path = View;
			sourceTree = "<group>";
		};
		B9EFAB3926CD0BB7004D1C9A /* Utils */ = {
			isa = PBXGroup;
			children = (
				B9EFAB4526CD123C004D1C9A /* Service.swift */,
				B9EFAB4726CD1279004D1C9A /* Constant.swift */,
				B99F56AB26CE59A90073C1A6 /* FavoriteManager.swift */,
			);
			path = Utils;
			sourceTree = "<group>";
		};
		B9EFAB4026CD0D3C004D1C9A /* Cell */ = {
			isa = PBXGroup;
			children = (
				B9EFAB4126CD0ED5004D1C9A /* MainCollectionViewCell.swift */,
				B9EFAB4226CD0ED5004D1C9A /* MainCollectionViewCell.xib */,
				B99F56A126CE410A0073C1A6 /* SearchTableViewCell.swift */,
				B99F56A226CE410A0073C1A6 /* SearchTableViewCell.xib */,
			);
			path = Cell;
			sourceTree = "<group>";
		};
/* End PBXGroup section */

/* Begin PBXNativeTarget section */
		B90C69CE26CD0A6500F444DF /* iTunesServices */ = {
			isa = PBXNativeTarget;
			buildConfigurationList = B90C69F926CD0A6700F444DF /* Build configuration list for PBXNativeTarget "iTunesServices" */;
			buildPhases = (
				2C773B7B51D880E195A141C4 /* [CP] Check Pods Manifest.lock */,
				B90C69CB26CD0A6500F444DF /* Sources */,
				B90C69CC26CD0A6500F444DF /* Frameworks */,
				B90C69CD26CD0A6500F444DF /* Resources */,
				BB6975E2B1913842B6BDFBA3 /* [CP] Embed Pods Frameworks */,
			);
			buildRules = (
			);
			dependencies = (
			);
			name = iTunesServices;
			productName = iTunesServices;
			productReference = B90C69CF26CD0A6500F444DF /* iTunesServices.app */;
			productType = "com.apple.product-type.application";
		};
		B90C69E426CD0A6700F444DF /* iTunesServicesTests */ = {
			isa = PBXNativeTarget;
			buildConfigurationList = B90C69FC26CD0A6700F444DF /* Build configuration list for PBXNativeTarget "iTunesServicesTests" */;
			buildPhases = (
				DA737553E7FC114546D6F4F7 /* [CP] Check Pods Manifest.lock */,
				B90C69E126CD0A6700F444DF /* Sources */,
				B90C69E226CD0A6700F444DF /* Frameworks */,
				B90C69E326CD0A6700F444DF /* Resources */,
			);
			buildRules = (
			);
			dependencies = (
				B90C69E726CD0A6700F444DF /* PBXTargetDependency */,
			);
			name = iTunesServicesTests;
			productName = iTunesServicesTests;
			productReference = B90C69E526CD0A6700F444DF /* iTunesServicesTests.xctest */;
			productType = "com.apple.product-type.bundle.unit-test";
		};
		B90C69EF26CD0A6700F444DF /* iTunesServicesUITests */ = {
			isa = PBXNativeTarget;
			buildConfigurationList = B90C69FF26CD0A6700F444DF /* Build configuration list for PBXNativeTarget "iTunesServicesUITests" */;
			buildPhases = (
				50E3F5412E26A6E45F4FB08E /* [CP] Check Pods Manifest.lock */,
				B90C69EC26CD0A6700F444DF /* Sources */,
				B90C69ED26CD0A6700F444DF /* Frameworks */,
				B90C69EE26CD0A6700F444DF /* Resources */,
				CC06BBC4616DD1819E1525AB /* [CP] Embed Pods Frameworks */,
			);
			buildRules = (
			);
			dependencies = (
				B90C69F226CD0A6700F444DF /* PBXTargetDependency */,
			);
			name = iTunesServicesUITests;
			productName = iTunesServicesUITests;
			productReference = B90C69F026CD0A6700F444DF /* iTunesServicesUITests.xctest */;
			productType = "com.apple.product-type.bundle.ui-testing";
		};
/* End PBXNativeTarget section */

/* Begin PBXProject section */
		B90C69C726CD0A6500F444DF /* Project object */ = {
			isa = PBXProject;
			attributes = {
				LastSwiftUpdateCheck = 1250;
				LastUpgradeCheck = 1250;
				TargetAttributes = {
					B90C69CE26CD0A6500F444DF = {
						CreatedOnToolsVersion = 12.5.1;
					};
					B90C69E426CD0A6700F444DF = {
						CreatedOnToolsVersion = 12.5.1;
						TestTargetID = B90C69CE26CD0A6500F444DF;
					};
					B90C69EF26CD0A6700F444DF = {
						CreatedOnToolsVersion = 12.5.1;
						TestTargetID = B90C69CE26CD0A6500F444DF;
					};
				};
			};
			buildConfigurationList = B90C69CA26CD0A6500F444DF /* Build configuration list for PBXProject "iTunesServices" */;
			compatibilityVersion = "Xcode 9.3";
			developmentRegion = en;
			hasScannedForEncodings = 0;
			knownRegions = (
				en,
				Base,
			);
			mainGroup = B90C69C626CD0A6500F444DF;
			productRefGroup = B90C69D026CD0A6500F444DF /* Products */;
			projectDirPath = "";
			projectRoot = "";
			targets = (
				B90C69CE26CD0A6500F444DF /* iTunesServices */,
				B90C69E426CD0A6700F444DF /* iTunesServicesTests */,
				B90C69EF26CD0A6700F444DF /* iTunesServicesUITests */,
			);
		};
/* End PBXProject section */

/* Begin PBXResourcesBuildPhase section */
		B90C69CD26CD0A6500F444DF /* Resources */ = {
			isa = PBXResourcesBuildPhase;
			buildActionMask = 2147483647;
			files = (
				B90C69DF26CD0A6600F444DF /* LaunchScreen.storyboard in Resources */,
				B90C69DC26CD0A6600F444DF /* Assets.xcassets in Resources */,
				B90C69DA26CD0A6500F444DF /* Main.storyboard in Resources */,
				B9EFAB4426CD0ED5004D1C9A /* MainCollectionViewCell.xib in Resources */,
				B99F56A426CE410A0073C1A6 /* SearchTableViewCell.xib in Resources */,
			);
			runOnlyForDeploymentPostprocessing = 0;
		};
		B90C69E326CD0A6700F444DF /* Resources */ = {
			isa = PBXResourcesBuildPhase;
			buildActionMask = 2147483647;
			files = (
			);
			runOnlyForDeploymentPostprocessing = 0;
		};
		B90C69EE26CD0A6700F444DF /* Resources */ = {
			isa = PBXResourcesBuildPhase;
			buildActionMask = 2147483647;
			files = (
			);
			runOnlyForDeploymentPostprocessing = 0;
		};
/* End PBXResourcesBuildPhase section */

/* Begin PBXShellScriptBuildPhase section */
		2C773B7B51D880E195A141C4 /* [CP] Check Pods Manifest.lock */ = {
			isa = PBXShellScriptBuildPhase;
			buildActionMask = 2147483647;
			files = (
			);
			inputFileListPaths = (
			);
			inputPaths = (
				"${PODS_PODFILE_DIR_PATH}/Podfile.lock",
				"${PODS_ROOT}/Manifest.lock",
			);
			name = "[CP] Check Pods Manifest.lock";
			outputFileListPaths = (
			);
			outputPaths = (
				"$(DERIVED_FILE_DIR)/Pods-iTunesServices-checkManifestLockResult.txt",
			);
			runOnlyForDeploymentPostprocessing = 0;
			shellPath = /bin/sh;
			shellScript = "diff \"${PODS_PODFILE_DIR_PATH}/Podfile.lock\" \"${PODS_ROOT}/Manifest.lock\" > /dev/null\nif [ $? != 0 ] ; then\n    # print error to STDERR\n    echo \"error: The sandbox is not in sync with the Podfile.lock. Run 'pod install' or update your CocoaPods installation.\" >&2\n    exit 1\nfi\n# This output is used by Xcode 'outputs' to avoid re-running this script phase.\necho \"SUCCESS\" > \"${SCRIPT_OUTPUT_FILE_0}\"\n";
			showEnvVarsInLog = 0;
		};
		50E3F5412E26A6E45F4FB08E /* [CP] Check Pods Manifest.lock */ = {
			isa = PBXShellScriptBuildPhase;
			buildActionMask = 2147483647;
			files = (
			);
			inputFileListPaths = (
			);
			inputPaths = (
				"${PODS_PODFILE_DIR_PATH}/Podfile.lock",
				"${PODS_ROOT}/Manifest.lock",
			);
			name = "[CP] Check Pods Manifest.lock";
			outputFileListPaths = (
			);
			outputPaths = (
				"$(DERIVED_FILE_DIR)/Pods-iTunesServices-iTunesServicesUITests-checkManifestLockResult.txt",
			);
			runOnlyForDeploymentPostprocessing = 0;
			shellPath = /bin/sh;
			shellScript = "diff \"${PODS_PODFILE_DIR_PATH}/Podfile.lock\" \"${PODS_ROOT}/Manifest.lock\" > /dev/null\nif [ $? != 0 ] ; then\n    # print error to STDERR\n    echo \"error: The sandbox is not in sync with the Podfile.lock. Run 'pod install' or update your CocoaPods installation.\" >&2\n    exit 1\nfi\n# This output is used by Xcode 'outputs' to avoid re-running this script phase.\necho \"SUCCESS\" > \"${SCRIPT_OUTPUT_FILE_0}\"\n";
			showEnvVarsInLog = 0;
		};
		BB6975E2B1913842B6BDFBA3 /* [CP] Embed Pods Frameworks */ = {
			isa = PBXShellScriptBuildPhase;
			buildActionMask = 2147483647;
			files = (
			);
			inputFileListPaths = (
				"${PODS_ROOT}/Target Support Files/Pods-iTunesServices/Pods-iTunesServices-frameworks-${CONFIGURATION}-input-files.xcfilelist",
			);
			name = "[CP] Embed Pods Frameworks";
			outputFileListPaths = (
				"${PODS_ROOT}/Target Support Files/Pods-iTunesServices/Pods-iTunesServices-frameworks-${CONFIGURATION}-output-files.xcfilelist",
			);
			runOnlyForDeploymentPostprocessing = 0;
			shellPath = /bin/sh;
			shellScript = "\"${PODS_ROOT}/Target Support Files/Pods-iTunesServices/Pods-iTunesServices-frameworks.sh\"\n";
			showEnvVarsInLog = 0;
		};
		CC06BBC4616DD1819E1525AB /* [CP] Embed Pods Frameworks */ = {
			isa = PBXShellScriptBuildPhase;
			buildActionMask = 2147483647;
			files = (
			);
			inputFileListPaths = (
				"${PODS_ROOT}/Target Support Files/Pods-iTunesServices-iTunesServicesUITests/Pods-iTunesServices-iTunesServicesUITests-frameworks-${CONFIGURATION}-input-files.xcfilelist",
			);
			name = "[CP] Embed Pods Frameworks";
			outputFileListPaths = (
				"${PODS_ROOT}/Target Support Files/Pods-iTunesServices-iTunesServicesUITests/Pods-iTunesServices-iTunesServicesUITests-frameworks-${CONFIGURATION}-output-files.xcfilelist",
			);
			runOnlyForDeploymentPostprocessing = 0;
			shellPath = /bin/sh;
			shellScript = "\"${PODS_ROOT}/Target Support Files/Pods-iTunesServices-iTunesServicesUITests/Pods-iTunesServices-iTunesServicesUITests-frameworks.sh\"\n";
			showEnvVarsInLog = 0;
		};
		DA737553E7FC114546D6F4F7 /* [CP] Check Pods Manifest.lock */ = {
			isa = PBXShellScriptBuildPhase;
			buildActionMask = 2147483647;
			files = (
			);
			inputFileListPaths = (
			);
			inputPaths = (
				"${PODS_PODFILE_DIR_PATH}/Podfile.lock",
				"${PODS_ROOT}/Manifest.lock",
			);
			name = "[CP] Check Pods Manifest.lock";
			outputFileListPaths = (
			);
			outputPaths = (
				"$(DERIVED_FILE_DIR)/Pods-iTunesServicesTests-checkManifestLockResult.txt",
			);
			runOnlyForDeploymentPostprocessing = 0;
			shellPath = /bin/sh;
			shellScript = "diff \"${PODS_PODFILE_DIR_PATH}/Podfile.lock\" \"${PODS_ROOT}/Manifest.lock\" > /dev/null\nif [ $? != 0 ] ; then\n    # print error to STDERR\n    echo \"error: The sandbox is not in sync with the Podfile.lock. Run 'pod install' or update your CocoaPods installation.\" >&2\n    exit 1\nfi\n# This output is used by Xcode 'outputs' to avoid re-running this script phase.\necho \"SUCCESS\" > \"${SCRIPT_OUTPUT_FILE_0}\"\n";
			showEnvVarsInLog = 0;
		};
/* End PBXShellScriptBuildPhase section */

/* Begin PBXSourcesBuildPhase section */
		B90C69CB26CD0A6500F444DF /* Sources */ = {
			isa = PBXSourcesBuildPhase;
			buildActionMask = 2147483647;
			files = (
				B90C69D326CD0A6500F444DF /* AppDelegate.swift in Sources */,
				B9EFAB4626CD123C004D1C9A /* Service.swift in Sources */,
				B9EFAB4326CD0ED5004D1C9A /* MainCollectionViewCell.swift in Sources */,
				B99F56AC26CE59A90073C1A6 /* FavoriteManager.swift in Sources */,
				B9EFAB4826CD1279004D1C9A /* Constant.swift in Sources */,
				B99F56A326CE410A0073C1A6 /* SearchTableViewCell.swift in Sources */,
				B90C69D526CD0A6500F444DF /* SceneDelegate.swift in Sources */,
				B9EFAB3F26CD0CEE004D1C9A /* DetailViewController.swift in Sources */,
				B99F56AE26CE59DC0073C1A6 /* MovieDetail.swift in Sources */,
				B9EFAB3D26CD0CE5004D1C9A /* SearchViewController.swift in Sources */,
				B9EFAB4A26CD130D004D1C9A /* iTunesData.swift in Sources */,
				B956454726CD4C16003D1FEE /* FavoritesViewController.swift in Sources */,
				B9EFAB3B26CD0C00004D1C9A /* MainViewController.swift in Sources */,
			);
			runOnlyForDeploymentPostprocessing = 0;
		};
		B90C69E126CD0A6700F444DF /* Sources */ = {
			isa = PBXSourcesBuildPhase;
			buildActionMask = 2147483647;
			files = (
				B90C69EA26CD0A6700F444DF /* iTunesServicesTests.swift in Sources */,
			);
			runOnlyForDeploymentPostprocessing = 0;
		};
		B90C69EC26CD0A6700F444DF /* Sources */ = {
			isa = PBXSourcesBuildPhase;
			buildActionMask = 2147483647;
			files = (
				B90C69F526CD0A6700F444DF /* iTunesServicesUITests.swift in Sources */,
			);
			runOnlyForDeploymentPostprocessing = 0;
		};
/* End PBXSourcesBuildPhase section */

/* Begin PBXTargetDependency section */
		B90C69E726CD0A6700F444DF /* PBXTargetDependency */ = {
			isa = PBXTargetDependency;
			target = B90C69CE26CD0A6500F444DF /* iTunesServices */;
			targetProxy = B90C69E626CD0A6700F444DF /* PBXContainerItemProxy */;
		};
		B90C69F226CD0A6700F444DF /* PBXTargetDependency */ = {
			isa = PBXTargetDependency;
			target = B90C69CE26CD0A6500F444DF /* iTunesServices */;
			targetProxy = B90C69F126CD0A6700F444DF /* PBXContainerItemProxy */;
		};
/* End PBXTargetDependency section */

/* Begin PBXVariantGroup section */
		B90C69D826CD0A6500F444DF /* Main.storyboard */ = {
			isa = PBXVariantGroup;
			children = (
				B90C69D926CD0A6500F444DF /* Base */,
			);
			name = Main.storyboard;
			sourceTree = "<group>";
		};
		B90C69DD26CD0A6600F444DF /* LaunchScreen.storyboard */ = {
			isa = PBXVariantGroup;
			children = (
				B90C69DE26CD0A6600F444DF /* Base */,
			);
			name = LaunchScreen.storyboard;
			sourceTree = "<group>";
		};
/* End PBXVariantGroup section */

/* Begin XCBuildConfiguration section */
		B90C69F726CD0A6700F444DF /* Debug */ = {
			isa = XCBuildConfiguration;
			buildSettings = {
				ALWAYS_SEARCH_USER_PATHS = NO;
				CLANG_ANALYZER_NONNULL = YES;
				CLANG_ANALYZER_NUMBER_OBJECT_CONVERSION = YES_AGGRESSIVE;
				CLANG_CXX_LANGUAGE_STANDARD = "gnu++14";
				CLANG_CXX_LIBRARY = "libc++";
				CLANG_ENABLE_MODULES = YES;
				CLANG_ENABLE_OBJC_ARC = YES;
				CLANG_ENABLE_OBJC_WEAK = YES;
				CLANG_WARN_BLOCK_CAPTURE_AUTORELEASING = YES;
				CLANG_WARN_BOOL_CONVERSION = YES;
				CLANG_WARN_COMMA = YES;
				CLANG_WARN_CONSTANT_CONVERSION = YES;
				CLANG_WARN_DEPRECATED_OBJC_IMPLEMENTATIONS = YES;
				CLANG_WARN_DIRECT_OBJC_ISA_USAGE = YES_ERROR;
				CLANG_WARN_DOCUMENTATION_COMMENTS = YES;
				CLANG_WARN_EMPTY_BODY = YES;
				CLANG_WARN_ENUM_CONVERSION = YES;
				CLANG_WARN_INFINITE_RECURSION = YES;
				CLANG_WARN_INT_CONVERSION = YES;
				CLANG_WARN_NON_LITERAL_NULL_CONVERSION = YES;
				CLANG_WARN_OBJC_IMPLICIT_RETAIN_SELF = YES;
				CLANG_WARN_OBJC_LITERAL_CONVERSION = YES;
				CLANG_WARN_OBJC_ROOT_CLASS = YES_ERROR;
				CLANG_WARN_QUOTED_INCLUDE_IN_FRAMEWORK_HEADER = YES;
				CLANG_WARN_RANGE_LOOP_ANALYSIS = YES;
				CLANG_WARN_STRICT_PROTOTYPES = YES;
				CLANG_WARN_SUSPICIOUS_MOVE = YES;
				CLANG_WARN_UNGUARDED_AVAILABILITY = YES_AGGRESSIVE;
				CLANG_WARN_UNREACHABLE_CODE = YES;
				CLANG_WARN__DUPLICATE_METHOD_MATCH = YES;
				COPY_PHASE_STRIP = NO;
				DEBUG_INFORMATION_FORMAT = dwarf;
				ENABLE_STRICT_OBJC_MSGSEND = YES;
				ENABLE_TESTABILITY = YES;
				GCC_C_LANGUAGE_STANDARD = gnu11;
				GCC_DYNAMIC_NO_PIC = NO;
				GCC_NO_COMMON_BLOCKS = YES;
				GCC_OPTIMIZATION_LEVEL = 0;
				GCC_PREPROCESSOR_DEFINITIONS = (
					"DEBUG=1",
					"$(inherited)",
				);
				GCC_WARN_64_TO_32_BIT_CONVERSION = YES;
				GCC_WARN_ABOUT_RETURN_TYPE = YES_ERROR;
				GCC_WARN_UNDECLARED_SELECTOR = YES;
				GCC_WARN_UNINITIALIZED_AUTOS = YES_AGGRESSIVE;
				GCC_WARN_UNUSED_FUNCTION = YES;
				GCC_WARN_UNUSED_VARIABLE = YES;
				IPHONEOS_DEPLOYMENT_TARGET = 14.5;
				MTL_ENABLE_DEBUG_INFO = INCLUDE_SOURCE;
				MTL_FAST_MATH = YES;
				ONLY_ACTIVE_ARCH = YES;
				SDKROOT = iphoneos;
				SWIFT_ACTIVE_COMPILATION_CONDITIONS = DEBUG;
				SWIFT_OPTIMIZATION_LEVEL = "-Onone";
			};
			name = Debug;
		};
		B90C69F826CD0A6700F444DF /* Release */ = {
			isa = XCBuildConfiguration;
			buildSettings = {
				ALWAYS_SEARCH_USER_PATHS = NO;
				CLANG_ANALYZER_NONNULL = YES;
				CLANG_ANALYZER_NUMBER_OBJECT_CONVERSION = YES_AGGRESSIVE;
				CLANG_CXX_LANGUAGE_STANDARD = "gnu++14";
				CLANG_CXX_LIBRARY = "libc++";
				CLANG_ENABLE_MODULES = YES;
				CLANG_ENABLE_OBJC_ARC = YES;
				CLANG_ENABLE_OBJC_WEAK = YES;
				CLANG_WARN_BLOCK_CAPTURE_AUTORELEASING = YES;
				CLANG_WARN_BOOL_CONVERSION = YES;
				CLANG_WARN_COMMA = YES;
				CLANG_WARN_CONSTANT_CONVERSION = YES;
				CLANG_WARN_DEPRECATED_OBJC_IMPLEMENTATIONS = YES;
				CLANG_WARN_DIRECT_OBJC_ISA_USAGE = YES_ERROR;
				CLANG_WARN_DOCUMENTATION_COMMENTS = YES;
				CLANG_WARN_EMPTY_BODY = YES;
				CLANG_WARN_ENUM_CONVERSION = YES;
				CLANG_WARN_INFINITE_RECURSION = YES;
				CLANG_WARN_INT_CONVERSION = YES;
				CLANG_WARN_NON_LITERAL_NULL_CONVERSION = YES;
				CLANG_WARN_OBJC_IMPLICIT_RETAIN_SELF = YES;
				CLANG_WARN_OBJC_LITERAL_CONVERSION = YES;
				CLANG_WARN_OBJC_ROOT_CLASS = YES_ERROR;
				CLANG_WARN_QUOTED_INCLUDE_IN_FRAMEWORK_HEADER = YES;
				CLANG_WARN_RANGE_LOOP_ANALYSIS = YES;
				CLANG_WARN_STRICT_PROTOTYPES = YES;
				CLANG_WARN_SUSPICIOUS_MOVE = YES;
				CLANG_WARN_UNGUARDED_AVAILABILITY = YES_AGGRESSIVE;
				CLANG_WARN_UNREACHABLE_CODE = YES;
				CLANG_WARN__DUPLICATE_METHOD_MATCH = YES;
				COPY_PHASE_STRIP = NO;
				DEBUG_INFORMATION_FORMAT = "dwarf-with-dsym";
				ENABLE_NS_ASSERTIONS = NO;
				ENABLE_STRICT_OBJC_MSGSEND = YES;
				GCC_C_LANGUAGE_STANDARD = gnu11;
				GCC_NO_COMMON_BLOCKS = YES;
				GCC_WARN_64_TO_32_BIT_CONVERSION = YES;
				GCC_WARN_ABOUT_RETURN_TYPE = YES_ERROR;
				GCC_WARN_UNDECLARED_SELECTOR = YES;
				GCC_WARN_UNINITIALIZED_AUTOS = YES_AGGRESSIVE;
				GCC_WARN_UNUSED_FUNCTION = YES;
				GCC_WARN_UNUSED_VARIABLE = YES;
				IPHONEOS_DEPLOYMENT_TARGET = 14.5;
				MTL_ENABLE_DEBUG_INFO = NO;
				MTL_FAST_MATH = YES;
				SDKROOT = iphoneos;
				SWIFT_COMPILATION_MODE = wholemodule;
				SWIFT_OPTIMIZATION_LEVEL = "-O";
				VALIDATE_PRODUCT = YES;
			};
			name = Release;
		};
		B90C69FA26CD0A6700F444DF /* Debug */ = {
			isa = XCBuildConfiguration;
			baseConfigurationReference = D7B0ECD3B9F461856FE23077 /* Pods-iTunesServices.debug.xcconfig */;
			buildSettings = {
				ASSETCATALOG_COMPILER_APPICON_NAME = AppIcon;
				ASSETCATALOG_COMPILER_GLOBAL_ACCENT_COLOR_NAME = AccentColor;
				CODE_SIGN_STYLE = Automatic;
				DEVELOPMENT_TEAM = QJS4FJ5R3Z;
				INFOPLIST_FILE = iTunesServices/Info.plist;
				LD_RUNPATH_SEARCH_PATHS = (
					"$(inherited)",
					"@executable_path/Frameworks",
				);
				PRODUCT_BUNDLE_IDENTIFIER = com.Onur.iTunesServices;
				PRODUCT_NAME = "$(TARGET_NAME)";
				SWIFT_VERSION = 5.0;
				TARGETED_DEVICE_FAMILY = "1,2";
			};
			name = Debug;
		};
		B90C69FB26CD0A6700F444DF /* Release */ = {
			isa = XCBuildConfiguration;
			baseConfigurationReference = FDC6AAF45EE928C164B23418 /* Pods-iTunesServices.release.xcconfig */;
			buildSettings = {
				ASSETCATALOG_COMPILER_APPICON_NAME = AppIcon;
				ASSETCATALOG_COMPILER_GLOBAL_ACCENT_COLOR_NAME = AccentColor;
				CODE_SIGN_STYLE = Automatic;
				DEVELOPMENT_TEAM = QJS4FJ5R3Z;
				INFOPLIST_FILE = iTunesServices/Info.plist;
				LD_RUNPATH_SEARCH_PATHS = (
					"$(inherited)",
					"@executable_path/Frameworks",
				);
				PRODUCT_BUNDLE_IDENTIFIER = com.Onur.iTunesServices;
				PRODUCT_NAME = "$(TARGET_NAME)";
				SWIFT_VERSION = 5.0;
				TARGETED_DEVICE_FAMILY = "1,2";
			};
			name = Release;
		};
		B90C69FD26CD0A6700F444DF /* Debug */ = {
			isa = XCBuildConfiguration;
			baseConfigurationReference = 01C39493FFEFA01D107098B4 /* Pods-iTunesServicesTests.debug.xcconfig */;
			buildSettings = {
				ALWAYS_EMBED_SWIFT_STANDARD_LIBRARIES = YES;
				BUNDLE_LOADER = "$(TEST_HOST)";
				CODE_SIGN_STYLE = Automatic;
				DEVELOPMENT_TEAM = QJS4FJ5R3Z;
				INFOPLIST_FILE = iTunesServicesTests/Info.plist;
				IPHONEOS_DEPLOYMENT_TARGET = 14.5;
				LD_RUNPATH_SEARCH_PATHS = (
					"$(inherited)",
					"@executable_path/Frameworks",
					"@loader_path/Frameworks",
				);
				PRODUCT_BUNDLE_IDENTIFIER = com.Onur.iTunesServicesTests;
				PRODUCT_NAME = "$(TARGET_NAME)";
				SWIFT_VERSION = 5.0;
				TARGETED_DEVICE_FAMILY = "1,2";
				TEST_HOST = "$(BUILT_PRODUCTS_DIR)/iTunesServices.app/iTunesServices";
			};
			name = Debug;
		};
		B90C69FE26CD0A6700F444DF /* Release */ = {
			isa = XCBuildConfiguration;
			baseConfigurationReference = 4787B1EA0E7A3AF0C3E1D5A0 /* Pods-iTunesServicesTests.release.xcconfig */;
			buildSettings = {
				ALWAYS_EMBED_SWIFT_STANDARD_LIBRARIES = YES;
				BUNDLE_LOADER = "$(TEST_HOST)";
				CODE_SIGN_STYLE = Automatic;
				DEVELOPMENT_TEAM = QJS4FJ5R3Z;
				INFOPLIST_FILE = iTunesServicesTests/Info.plist;
				IPHONEOS_DEPLOYMENT_TARGET = 14.5;
				LD_RUNPATH_SEARCH_PATHS = (
					"$(inherited)",
					"@executable_path/Frameworks",
					"@loader_path/Frameworks",
				);
				PRODUCT_BUNDLE_IDENTIFIER = com.Onur.iTunesServicesTests;
				PRODUCT_NAME = "$(TARGET_NAME)";
				SWIFT_VERSION = 5.0;
				TARGETED_DEVICE_FAMILY = "1,2";
				TEST_HOST = "$(BUILT_PRODUCTS_DIR)/iTunesServices.app/iTunesServices";
			};
			name = Release;
		};
		B90C6A0026CD0A6700F444DF /* Debug */ = {
			isa = XCBuildConfiguration;
			baseConfigurationReference = D5669A7B6E4C2231B4E335B2 /* Pods-iTunesServices-iTunesServicesUITests.debug.xcconfig */;
			buildSettings = {
				ALWAYS_EMBED_SWIFT_STANDARD_LIBRARIES = YES;
				CODE_SIGN_STYLE = Automatic;
				DEVELOPMENT_TEAM = QJS4FJ5R3Z;
				INFOPLIST_FILE = iTunesServicesUITests/Info.plist;
				LD_RUNPATH_SEARCH_PATHS = (
					"$(inherited)",
					"@executable_path/Frameworks",
					"@loader_path/Frameworks",
				);
				PRODUCT_BUNDLE_IDENTIFIER = com.Onur.iTunesServicesUITests;
				PRODUCT_NAME = "$(TARGET_NAME)";
				SWIFT_VERSION = 5.0;
				TARGETED_DEVICE_FAMILY = "1,2";
				TEST_TARGET_NAME = iTunesServices;
			};
			name = Debug;
		};
		B90C6A0126CD0A6700F444DF /* Release */ = {
			isa = XCBuildConfiguration;
			baseConfigurationReference = 6D8A8EC3E20FCA9EBDDB0E82 /* Pods-iTunesServices-iTunesServicesUITests.release.xcconfig */;
			buildSettings = {
				ALWAYS_EMBED_SWIFT_STANDARD_LIBRARIES = YES;
				CODE_SIGN_STYLE = Automatic;
				DEVELOPMENT_TEAM = QJS4FJ5R3Z;
				INFOPLIST_FILE = iTunesServicesUITests/Info.plist;
				LD_RUNPATH_SEARCH_PATHS = (
					"$(inherited)",
					"@executable_path/Frameworks",
					"@loader_path/Frameworks",
				);
				PRODUCT_BUNDLE_IDENTIFIER = com.Onur.iTunesServicesUITests;
				PRODUCT_NAME = "$(TARGET_NAME)";
				SWIFT_VERSION = 5.0;
				TARGETED_DEVICE_FAMILY = "1,2";
				TEST_TARGET_NAME = iTunesServices;
			};
			name = Release;
		};
/* End XCBuildConfiguration section */

/* Begin XCConfigurationList section */
		B90C69CA26CD0A6500F444DF /* Build configuration list for PBXProject "iTunesServices" */ = {
			isa = XCConfigurationList;
			buildConfigurations = (
				B90C69F726CD0A6700F444DF /* Debug */,
				B90C69F826CD0A6700F444DF /* Release */,
			);
			defaultConfigurationIsVisible = 0;
			defaultConfigurationName = Release;
		};
		B90C69F926CD0A6700F444DF /* Build configuration list for PBXNativeTarget "iTunesServices" */ = {
			isa = XCConfigurationList;
			buildConfigurations = (
				B90C69FA26CD0A6700F444DF /* Debug */,
				B90C69FB26CD0A6700F444DF /* Release */,
			);
			defaultConfigurationIsVisible = 0;
			defaultConfigurationName = Release;
		};
		B90C69FC26CD0A6700F444DF /* Build configuration list for PBXNativeTarget "iTunesServicesTests" */ = {
			isa = XCConfigurationList;
			buildConfigurations = (
				B90C69FD26CD0A6700F444DF /* Debug */,
				B90C69FE26CD0A6700F444DF /* Release */,
			);
			defaultConfigurationIsVisible = 0;
			defaultConfigurationName = Release;
		};
		B90C69FF26CD0A6700F444DF /* Build configuration list for PBXNativeTarget "iTunesServicesUITests" */ = {
			isa = XCConfigurationList;
			buildConfigurations = (
				B90C6A0026CD0A6700F444DF /* Debug */,
				B90C6A0126CD0A6700F444DF /* Release */,
			);
			defaultConfigurationIsVisible = 0;
			defaultConfigurationName = Release;
		};
/* End XCConfigurationList section */
	};
	rootObject = B90C69C726CD0A6500F444DF /* Project object */;
}
